
Microsoft Visual Studio Solution File, Format Version 12.00
# Visual Studio Version 16
VisualStudioVersion = 16.0.28531.58
MinimumVisualStudioVersion = 10.0.40219.1
Project("{8BC9CEB8-8B4A-11D0-8D11-00A0C91BC942}") = "DirExplorer-Naive", "DirExplorer-Naive\DirExplorer-Naive.vcxproj", "{8006BB01-EE84-43EA-9C98-4216A68F2530}"
	ProjectSection(ProjectDependencies) = postProject
		{462B43B2-8B13-4178-BF2A-903F76F1985C} = {462B43B2-8B13-4178-BF2A-903F76F1985C}
		{437FAAE1-4DBD-489D-B7DD-73534AE01366} = {437FAAE1-4DBD-489D-B7DD-73534AE01366}
	EndProjectSection
EndProject
Project("{8BC9CEB8-8B4A-11D0-8D11-00A0C91BC942}") = "Convert", "Convert\Convert.vcxproj", "{A8DD963E-F266-45F5-AA77-D586F1B2E8EE}"
EndProject
Project("{8BC9CEB8-8B4A-11D0-8D11-00A0C91BC942}") = "Displayer", "Displayer\Displayer.vcxproj", "{0EDF8561-A710-48B9-B592-7C639DA1F54A}"
	ProjectSection(ProjectDependencies) = postProject
		{B87FFB5E-E6CE-468F-8D39-F012E3124977} = {B87FFB5E-E6CE-468F-8D39-F012E3124977}
		{EF4A3188-CA93-45A2-AB52-7548669E3AA8} = {EF4A3188-CA93-45A2-AB52-7548669E3AA8}
	EndProjectSection
EndProject
Project("{8BC9CEB8-8B4A-11D0-8D11-00A0C91BC942}") = "Filter", "Filter\Filter.vcxproj", "{AF4F32FD-DB9C-44EE-B0E9-9FB19E7F3738}"
EndProject
Project("{8BC9CEB8-8B4A-11D0-8D11-00A0C91BC942}") = "Process", "Process\Process.vcxproj", "{B87FFB5E-E6CE-468F-8D39-F012E3124977}"
EndProject
Project("{8BC9CEB8-8B4A-11D0-8D11-00A0C91BC942}") = "ProjectTest", "ProjectTest\ProjectTest.vcxproj", "{CB38B3A2-9A69-4D20-8A6D-B534C3D68224}"
	ProjectSection(ProjectDependencies) = postProject
		{8006BB01-EE84-43EA-9C98-4216A68F2530} = {8006BB01-EE84-43EA-9C98-4216A68F2530}
		{A8DD963E-F266-45F5-AA77-D586F1B2E8EE} = {A8DD963E-F266-45F5-AA77-D586F1B2E8EE}
		{0EDF8561-A710-48B9-B592-7C639DA1F54A} = {0EDF8561-A710-48B9-B592-7C639DA1F54A}
		{EF4A3188-CA93-45A2-AB52-7548669E3AA8} = {EF4A3188-CA93-45A2-AB52-7548669E3AA8}
		{AF4F32FD-DB9C-44EE-B0E9-9FB19E7F3738} = {AF4F32FD-DB9C-44EE-B0E9-9FB19E7F3738}
	EndProjectSection
EndProject
Project("{8BC9CEB8-8B4A-11D0-8D11-00A0C91BC942}") = "FileSystemDemo", "FileSystem\FileSystemDemo.vcxproj", "{EF4A3188-CA93-45A2-AB52-7548669E3AA8}"
	ProjectSection(ProjectDependencies) = postProject
		{437FAAE1-4DBD-489D-B7DD-73534AE01366} = {437FAAE1-4DBD-489D-B7DD-73534AE01366}
	EndProjectSection
EndProject
Project("{8BC9CEB8-8B4A-11D0-8D11-00A0C91BC942}") = "StringUtilities", "Utilities\StringUtilities\Utilities.vcxproj", "{462B43B2-8B13-4178-BF2A-903F76F1985C}"
EndProject
Project("{8BC9CEB8-8B4A-11D0-8D11-00A0C91BC942}") = "CodeUtilities", "Utilities\CodeUtilities\CodeUtilities.vcxproj", "{437FAAE1-4DBD-489D-B7DD-73534AE01366}"
	ProjectSection(ProjectDependencies) = postProject
		{462B43B2-8B13-4178-BF2A-903F76F1985C} = {462B43B2-8B13-4178-BF2A-903F76F1985C}
	EndProjectSection
EndProject
Project("{8BC9CEB8-8B4A-11D0-8D11-00A0C91BC942}") = "Parser", "Parser\Parser.vcxproj", "{77BE9964-7862-4D05-AFF0-B42718AAE386}"
EndProject
Project("{8BC9CEB8-8B4A-11D0-8D11-00A0C91BC942}") = "GrammarHelpers", "GrammarHelpers\GrammarHelpers.vcxproj", "{119080C0-DA30-4A3C-85D6-37315067CB1A}"
EndProject
Project("{8BC9CEB8-8B4A-11D0-8D11-00A0C91BC942}") = "Tokenizer", "Tokenizer\Tokenizer.vcxproj", "{5632AB5E-C4AA-4119-9CDA-1A49176F2D52}"
EndProject
Project("{8BC9CEB8-8B4A-11D0-8D11-00A0C91BC942}") = "SemiExpression", "SemiExpression\SemiExpression.vcxproj", "{E7758FF7-9321-4A16-84ED-59743AB374CD}"
EndProject
Project("{8BC9CEB8-8B4A-11D0-8D11-00A0C91BC942}") = "ScopeStack", "ScopeStack\ScopeStack.vcxproj", "{0AE7CD6E-0797-422E-8DB9-407E517624A5}"
EndProject
Project("{8BC9CEB8-8B4A-11D0-8D11-00A0C91BC942}") = "AbstractSyntaxTree", "AbstractSyntaxTree\AbstractSyntaxTree.vcxproj", "{53C7C53B-4D2F-4E71-9AF3-0B77DD0034B3}"
EndProject
Project("{8BC9CEB8-8B4A-11D0-8D11-00A0C91BC942}") = "Cpp11-BlockingQueue", "Cpp11-BlockingQueue\Cpp11-BlockingQueue.vcxproj", "{9EFC55B0-E8E8-443D-920F-C09D0AF54185}"
EndProject
Project("{8BC9CEB8-8B4A-11D0-8D11-00A0C91BC942}") = "Properties", "CppProperties\Properties.vcxproj", "{68345F1C-5B11-48CF-8AD8-059E981241DB}"
EndProject
Global
	GlobalSection(SolutionConfigurationPlatforms) = preSolution
		Debug|x64 = Debug|x64
		Debug|x86 = Debug|x86
		Release|x64 = Release|x64
		Release|x86 = Release|x86
	EndGlobalSection
	GlobalSection(ProjectConfigurationPlatforms) = postSolution
		{8006BB01-EE84-43EA-9C98-4216A68F2530}.Debug|x64.ActiveCfg = Debug|x64
		{8006BB01-EE84-43EA-9C98-4216A68F2530}.Debug|x64.Build.0 = Debug|x64
		{8006BB01-EE84-43EA-9C98-4216A68F2530}.Debug|x86.ActiveCfg = Debug|Win32
		{8006BB01-EE84-43EA-9C98-4216A68F2530}.Debug|x86.Build.0 = Debug|Win32
		{8006BB01-EE84-43EA-9C98-4216A68F2530}.Release|x64.ActiveCfg = Release|x64
		{8006BB01-EE84-43EA-9C98-4216A68F2530}.Release|x64.Build.0 = Release|x64
		{8006BB01-EE84-43EA-9C98-4216A68F2530}.Release|x86.ActiveCfg = Release|Win32
		{8006BB01-EE84-43EA-9C98-4216A68F2530}.Release|x86.Build.0 = Release|Win32
		{A8DD963E-F266-45F5-AA77-D586F1B2E8EE}.Debug|x64.ActiveCfg = Debug|x64
		{A8DD963E-F266-45F5-AA77-D586F1B2E8EE}.Debug|x64.Build.0 = Debug|x64
		{A8DD963E-F266-45F5-AA77-D586F1B2E8EE}.Debug|x86.ActiveCfg = Debug|Win32
		{A8DD963E-F266-45F5-AA77-D586F1B2E8EE}.Debug|x86.Build.0 = Debug|Win32
		{A8DD963E-F266-45F5-AA77-D586F1B2E8EE}.Release|x64.ActiveCfg = Release|x64
		{A8DD963E-F266-45F5-AA77-D586F1B2E8EE}.Release|x64.Build.0 = Release|x64
		{A8DD963E-F266-45F5-AA77-D586F1B2E8EE}.Release|x86.ActiveCfg = Release|Win32
		{A8DD963E-F266-45F5-AA77-D586F1B2E8EE}.Release|x86.Build.0 = Release|Win32
		{0EDF8561-A710-48B9-B592-7C639DA1F54A}.Debug|x64.ActiveCfg = Debug|x64
		{0EDF8561-A710-48B9-B592-7C639DA1F54A}.Debug|x64.Build.0 = Debug|x64
		{0EDF8561-A710-48B9-B592-7C639DA1F54A}.Debug|x86.ActiveCfg = Debug|Win32
		{0EDF8561-A710-48B9-B592-7C639DA1F54A}.Debug|x86.Build.0 = Debug|Win32
		{0EDF8561-A710-48B9-B592-7C639DA1F54A}.Release|x64.ActiveCfg = Release|x64
		{0EDF8561-A710-48B9-B592-7C639DA1F54A}.Release|x64.Build.0 = Release|x64
		{0EDF8561-A710-48B9-B592-7C639DA1F54A}.Release|x86.ActiveCfg = Release|Win32
		{0EDF8561-A710-48B9-B592-7C639DA1F54A}.Release|x86.Build.0 = Release|Win32
		{AF4F32FD-DB9C-44EE-B0E9-9FB19E7F3738}.Debug|x64.ActiveCfg = Debug|x64
		{AF4F32FD-DB9C-44EE-B0E9-9FB19E7F3738}.Debug|x64.Build.0 = Debug|x64
		{AF4F32FD-DB9C-44EE-B0E9-9FB19E7F3738}.Debug|x86.ActiveCfg = Debug|Win32
		{AF4F32FD-DB9C-44EE-B0E9-9FB19E7F3738}.Debug|x86.Build.0 = Debug|Win32
		{AF4F32FD-DB9C-44EE-B0E9-9FB19E7F3738}.Release|x64.ActiveCfg = Release|x64
		{AF4F32FD-DB9C-44EE-B0E9-9FB19E7F3738}.Release|x64.Build.0 = Release|x64
		{AF4F32FD-DB9C-44EE-B0E9-9FB19E7F3738}.Release|x86.ActiveCfg = Release|Win32
		{AF4F32FD-DB9C-44EE-B0E9-9FB19E7F3738}.Release|x86.Build.0 = Release|Win32
		{B87FFB5E-E6CE-468F-8D39-F012E3124977}.Debug|x64.ActiveCfg = Debug|x64
		{B87FFB5E-E6CE-468F-8D39-F012E3124977}.Debug|x64.Build.0 = Debug|x64
		{B87FFB5E-E6CE-468F-8D39-F012E3124977}.Debug|x86.ActiveCfg = Debug|Win32
		{B87FFB5E-E6CE-468F-8D39-F012E3124977}.Debug|x86.Build.0 = Debug|Win32
		{B87FFB5E-E6CE-468F-8D39-F012E3124977}.Release|x64.ActiveCfg = Release|x64
		{B87FFB5E-E6CE-468F-8D39-F012E3124977}.Release|x64.Build.0 = Release|x64
		{B87FFB5E-E6CE-468F-8D39-F012E3124977}.Release|x86.ActiveCfg = Release|Win32
		{B87FFB5E-E6CE-468F-8D39-F012E3124977}.Release|x86.Build.0 = Release|Win32
		{CB38B3A2-9A69-4D20-8A6D-B534C3D68224}.Debug|x64.ActiveCfg = Debug|x64
		{CB38B3A2-9A69-4D20-8A6D-B534C3D68224}.Debug|x64.Build.0 = Debug|x64
		{CB38B3A2-9A69-4D20-8A6D-B534C3D68224}.Debug|x86.ActiveCfg = Debug|Win32
		{CB38B3A2-9A69-4D20-8A6D-B534C3D68224}.Debug|x86.Build.0 = Debug|Win32
		{CB38B3A2-9A69-4D20-8A6D-B534C3D68224}.Release|x64.ActiveCfg = Release|x64
		{CB38B3A2-9A69-4D20-8A6D-B534C3D68224}.Release|x64.Build.0 = Release|x64
		{CB38B3A2-9A69-4D20-8A6D-B534C3D68224}.Release|x86.ActiveCfg = Release|Win32
		{CB38B3A2-9A69-4D20-8A6D-B534C3D68224}.Release|x86.Build.0 = Release|Win32
		{EF4A3188-CA93-45A2-AB52-7548669E3AA8}.Debug|x64.ActiveCfg = Debug|Win32
		{EF4A3188-CA93-45A2-AB52-7548669E3AA8}.Debug|x86.ActiveCfg = Debug|Win32
		{EF4A3188-CA93-45A2-AB52-7548669E3AA8}.Debug|x86.Build.0 = Debug|Win32
		{EF4A3188-CA93-45A2-AB52-7548669E3AA8}.Release|x64.ActiveCfg = Release|Win32
		{EF4A3188-CA93-45A2-AB52-7548669E3AA8}.Release|x86.ActiveCfg = Release|Win32
		{EF4A3188-CA93-45A2-AB52-7548669E3AA8}.Release|x86.Build.0 = Release|Win32
		{462B43B2-8B13-4178-BF2A-903F76F1985C}.Debug|x64.ActiveCfg = Debug|x64
		{462B43B2-8B13-4178-BF2A-903F76F1985C}.Debug|x64.Build.0 = Debug|x64
		{462B43B2-8B13-4178-BF2A-903F76F1985C}.Debug|x86.ActiveCfg = Debug|Win32
		{462B43B2-8B13-4178-BF2A-903F76F1985C}.Debug|x86.Build.0 = Debug|Win32
		{462B43B2-8B13-4178-BF2A-903F76F1985C}.Release|x64.ActiveCfg = Release|x64
		{462B43B2-8B13-4178-BF2A-903F76F1985C}.Release|x64.Build.0 = Release|x64
		{462B43B2-8B13-4178-BF2A-903F76F1985C}.Release|x86.ActiveCfg = Release|Win32
		{462B43B2-8B13-4178-BF2A-903F76F1985C}.Release|x86.Build.0 = Release|Win32
		{437FAAE1-4DBD-489D-B7DD-73534AE01366}.Debug|x64.ActiveCfg = Debug|x64
		{437FAAE1-4DBD-489D-B7DD-73534AE01366}.Debug|x64.Build.0 = Debug|x64
		{437FAAE1-4DBD-489D-B7DD-73534AE01366}.Debug|x86.ActiveCfg = Debug|Win32
		{437FAAE1-4DBD-489D-B7DD-73534AE01366}.Debug|x86.Build.0 = Debug|Win32
		{437FAAE1-4DBD-489D-B7DD-73534AE01366}.Release|x64.ActiveCfg = Release|x64
		{437FAAE1-4DBD-489D-B7DD-73534AE01366}.Release|x64.Build.0 = Release|x64
		{437FAAE1-4DBD-489D-B7DD-73534AE01366}.Release|x86.ActiveCfg = Release|Win32
		{437FAAE1-4DBD-489D-B7DD-73534AE01366}.Release|x86.Build.0 = Release|Win32
		{77BE9964-7862-4D05-AFF0-B42718AAE386}.Debug|x64.ActiveCfg = Debug|x64
		{77BE9964-7862-4D05-AFF0-B42718AAE386}.Debug|x64.Build.0 = Debug|x64
		{77BE9964-7862-4D05-AFF0-B42718AAE386}.Debug|x86.ActiveCfg = Debug|Win32
		{77BE9964-7862-4D05-AFF0-B42718AAE386}.Debug|x86.Build.0 = Debug|Win32
		{77BE9964-7862-4D05-AFF0-B42718AAE386}.Release|x64.ActiveCfg = Release|x64
		{77BE9964-7862-4D05-AFF0-B42718AAE386}.Release|x64.Build.0 = Release|x64
		{77BE9964-7862-4D05-AFF0-B42718AAE386}.Release|x86.ActiveCfg = Release|Win32
		{77BE9964-7862-4D05-AFF0-B42718AAE386}.Release|x86.Build.0 = Release|Win32
		{119080C0-DA30-4A3C-85D6-37315067CB1A}.Debug|x64.ActiveCfg = Debug|x64
		{119080C0-DA30-4A3C-85D6-37315067CB1A}.Debug|x64.Build.0 = Debug|x64
		{119080C0-DA30-4A3C-85D6-37315067CB1A}.Debug|x86.ActiveCfg = Debug|Win32
		{119080C0-DA30-4A3C-85D6-37315067CB1A}.Debug|x86.Build.0 = Debug|Win32
		{119080C0-DA30-4A3C-85D6-37315067CB1A}.Release|x64.ActiveCfg = Release|x64
		{119080C0-DA30-4A3C-85D6-37315067CB1A}.Release|x64.Build.0 = Release|x64
		{119080C0-DA30-4A3C-85D6-37315067CB1A}.Release|x86.ActiveCfg = Release|Win32
		{119080C0-DA30-4A3C-85D6-37315067CB1A}.Release|x86.Build.0 = Release|Win32
		{5632AB5E-C4AA-4119-9CDA-1A49176F2D52}.Debug|x64.ActiveCfg = Debug|x64
		{5632AB5E-C4AA-4119-9CDA-1A49176F2D52}.Debug|x64.Build.0 = Debug|x64
		{5632AB5E-C4AA-4119-9CDA-1A49176F2D52}.Debug|x86.ActiveCfg = Debug|Win32
		{5632AB5E-C4AA-4119-9CDA-1A49176F2D52}.Debug|x86.Build.0 = Debug|Win32
		{5632AB5E-C4AA-4119-9CDA-1A49176F2D52}.Release|x64.ActiveCfg = Release|x64
		{5632AB5E-C4AA-4119-9CDA-1A49176F2D52}.Release|x64.Build.0 = Release|x64
		{5632AB5E-C4AA-4119-9CDA-1A49176F2D52}.Release|x86.ActiveCfg = Release|Win32
		{5632AB5E-C4AA-4119-9CDA-1A49176F2D52}.Release|x86.Build.0 = Release|Win32
		{E7758FF7-9321-4A16-84ED-59743AB374CD}.Debug|x64.ActiveCfg = Debug|x64
		{E7758FF7-9321-4A16-84ED-59743AB374CD}.Debug|x64.Build.0 = Debug|x64
		{E7758FF7-9321-4A16-84ED-59743AB374CD}.Debug|x86.ActiveCfg = Debug|Win32
		{E7758FF7-9321-4A16-84ED-59743AB374CD}.Debug|x86.Build.0 = Debug|Win32
		{E7758FF7-9321-4A16-84ED-59743AB374CD}.Release|x64.ActiveCfg = Release|x64
		{E7758FF7-9321-4A16-84ED-59743AB374CD}.Release|x64.Build.0 = Release|x64
		{E7758FF7-9321-4A16-84ED-59743AB374CD}.Release|x86.ActiveCfg = Release|Win32
		{E7758FF7-9321-4A16-84ED-59743AB374CD}.Release|x86.Build.0 = Release|Win32
		{0AE7CD6E-0797-422E-8DB9-407E517624A5}.Debug|x64.ActiveCfg = Debug|x64
		{0AE7CD6E-0797-422E-8DB9-407E517624A5}.Debug|x64.Build.0 = Debug|x64
		{0AE7CD6E-0797-422E-8DB9-407E517624A5}.Debug|x86.ActiveCfg = Debug|Win32
		{0AE7CD6E-0797-422E-8DB9-407E517624A5}.Debug|x86.Build.0 = Debug|Win32
		{0AE7CD6E-0797-422E-8DB9-407E517624A5}.Release|x64.ActiveCfg = Release|x64
		{0AE7CD6E-0797-422E-8DB9-407E517624A5}.Release|x64.Build.0 = Release|x64
		{0AE7CD6E-0797-422E-8DB9-407E517624A5}.Release|x86.ActiveCfg = Release|Win32
		{0AE7CD6E-0797-422E-8DB9-407E517624A5}.Release|x86.Build.0 = Release|Win32
		{53C7C53B-4D2F-4E71-9AF3-0B77DD0034B3}.Debug|x64.ActiveCfg = Debug|x64
		{53C7C53B-4D2F-4E71-9AF3-0B77DD0034B3}.Debug|x64.Build.0 = Debug|x64
		{53C7C53B-4D2F-4E71-9AF3-0B77DD0034B3}.Debug|x86.ActiveCfg = Debug|Win32
		{53C7C53B-4D2F-4E71-9AF3-0B77DD0034B3}.Debug|x86.Build.0 = Debug|Win32
		{53C7C53B-4D2F-4E71-9AF3-0B77DD0034B3}.Release|x64.ActiveCfg = Release|x64
		{53C7C53B-4D2F-4E71-9AF3-0B77DD0034B3}.Release|x64.Build.0 = Release|x64
		{53C7C53B-4D2F-4E71-9AF3-0B77DD0034B3}.Release|x86.ActiveCfg = Release|Win32
		{53C7C53B-4D2F-4E71-9AF3-0B77DD0034B3}.Release|x86.Build.0 = Release|Win32
		{9EFC55B0-E8E8-443D-920F-C09D0AF54185}.Debug|x64.ActiveCfg = Debug|x64
		{9EFC55B0-E8E8-443D-920F-C09D0AF54185}.Debug|x64.Build.0 = Debug|x64
		{9EFC55B0-E8E8-443D-920F-C09D0AF54185}.Debug|x86.ActiveCfg = Debug|Win32
		{9EFC55B0-E8E8-443D-920F-C09D0AF54185}.Debug|x86.Build.0 = Debug|Win32
		{9EFC55B0-E8E8-443D-920F-C09D0AF54185}.Release|x64.ActiveCfg = Release|x64
		{9EFC55B0-E8E8-443D-920F-C09D0AF54185}.Release|x64.Build.0 = Release|x64
		{9EFC55B0-E8E8-443D-920F-C09D0AF54185}.Release|x86.ActiveCfg = Release|Win32
		{9EFC55B0-E8E8-443D-920F-C09D0AF54185}.Release|x86.Build.0 = Release|Win32
		{68345F1C-5B11-48CF-8AD8-059E981241DB}.Debug|x64.ActiveCfg = Debug|x64
		{68345F1C-5B11-48CF-8AD8-059E981241DB}.Debug|x64.Build.0 = Debug|x64
		{68345F1C-5B11-48CF-8AD8-059E981241DB}.Debug|x86.ActiveCfg = Debug|Win32
		{68345F1C-5B11-48CF-8AD8-059E981241DB}.Debug|x86.Build.0 = Debug|Win32
		{68345F1C-5B11-48CF-8AD8-059E981241DB}.Release|x64.ActiveCfg = Release|x64
		{68345F1C-5B11-48CF-8AD8-059E981241DB}.Release|x64.Build.0 = Release|x64
		{68345F1C-5B11-48CF-8AD8-059E981241DB}.Release|x86.ActiveCfg = Release|Win32
		{68345F1C-5B11-48CF-8AD8-059E981241DB}.Release|x86.Build.0 = Release|Win32
	EndGlobalSection
	GlobalSection(SolutionProperties) = preSolution
		HideSolutionNode = FALSE
	EndGlobalSection
	GlobalSection(ExtensibilityGlobals) = postSolution
		SolutionGuid = {3D1BA39F-87C0-4D6C-A4DE-A60D6135B67E}
	EndGlobalSection
EndGlobal
